
Microsoft Visual Studio Solution File, Format Version 12.00
# Visual Studio Version 17
VisualStudioVersion = 17.0.31912.275
MinimumVisualStudioVersion = 10.0.40219.1
Project("{FAE04EC0-301F-11D3-BF4B-00C04F79EFBC}") = "PerformancePal", "PerformancePal\PerformancePal.csproj", "{AD6CCD59-4CED-4583-83F1-0F882763AEB8}"
EndProject
Project("{FAE04EC0-301F-11D3-BF4B-00C04F79EFBC}") = "PerformancePalUnitTests", "PerformancePalUnitTests\PerformancePalUnitTests.csproj", "{DC1470A0-79A6-461F-B985-3A60FED7EB41}"
EndProject
Global
	GlobalSection(SolutionConfigurationPlatforms) = preSolution
		Debug|Any CPU = Debug|Any CPU
		Release|Any CPU = Release|Any CPU
	EndGlobalSection
	GlobalSection(ProjectConfigurationPlatforms) = postSolution
		{AD6CCD59-4CED-4583-83F1-0F882763AEB8}.Debug|Any CPU.ActiveCfg = Debug|Any CPU
		{AD6CCD59-4CED-4583-83F1-0F882763AEB8}.Debug|Any CPU.Build.0 = Debug|Any CPU
		{AD6CCD59-4CED-4583-83F1-0F882763AEB8}.Release|Any CPU.ActiveCfg = Release|Any CPU
		{AD6CCD59-4CED-4583-83F1-0F882763AEB8}.Release|Any CPU.Build.0 = Release|Any CPU
		{DC1470A0-79A6-461F-B985-3A60FED7EB41}.Debug|Any CPU.ActiveCfg = Debug|Any CPU
		{DC1470A0-79A6-461F-B985-3A60FED7EB41}.Debug|Any CPU.Build.0 = Debug|Any CPU
		{DC1470A0-79A6-461F-B985-3A60FED7EB41}.Release|Any CPU.ActiveCfg = Release|Any CPU
		{DC1470A0-79A6-461F-B985-3A60FED7EB41}.Release|Any CPU.Build.0 = Release|Any CPU
	EndGlobalSection
	GlobalSection(SolutionProperties) = preSolution
		HideSolutionNode = FALSE
	EndGlobalSection
	GlobalSection(ExtensibilityGlobals) = postSolution
		SolutionGuid = {C74D5797-45F5-4231-B4FE-5B47485E0CED}
	EndGlobalSection
EndGlobal
